
Microsoft Visual Studio Solution File, Format Version 12.00
# Visual Studio Version 17
VisualStudioVersion = 17.5.33530.505
MinimumVisualStudioVersion = 10.0.40219.1
Project("{FAE04EC0-301F-11D3-BF4B-00C04F79EFBC}") = "Ch7BirthdayBonus", "Ch7BirthdayBonus\Ch7BirthdayBonus.csproj", "{92478B9C-61B0-46AF-B793-016F86830389}"
EndProject
Global
	GlobalSection(SolutionConfigurationPlatforms) = preSolution
		Debug|Any CPU = Debug|Any CPU
		Release|Any CPU = Release|Any CPU
	EndGlobalSection
	GlobalSection(ProjectConfigurationPlatforms) = postSolution
		{92478B9C-61B0-46AF-B793-016F86830389}.Debug|Any CPU.ActiveCfg = Debug|Any CPU
		{92478B9C-61B0-46AF-B793-016F86830389}.Debug|Any CPU.Build.0 = Debug|Any CPU
		{92478B9C-61B0-46AF-B793-016F86830389}.Release|Any CPU.ActiveCfg = Release|Any CPU
		{92478B9C-61B0-46AF-B793-016F86830389}.Release|Any CPU.Build.0 = Release|Any CPU
	EndGlobalSection
	GlobalSection(SolutionProperties) = preSolution
		HideSolutionNode = FALSE
	EndGlobalSection
	GlobalSection(ExtensibilityGlobals) = postSolution
		SolutionGuid = {80119D3A-1EC1-4725-9BCB-66C1BB242EDF}
	EndGlobalSection
EndGlobal
