
Microsoft Visual Studio Solution File, Format Version 12.00
# Visual Studio Version 17
VisualStudioVersion = 17.5.33530.505
MinimumVisualStudioVersion = 10.0.40219.1
Project("{FAE04EC0-301F-11D3-BF4B-00C04F79EFBC}") = "Ch7CashRegister", "Ch7CashRegister\Ch7CashRegister.csproj", "{6098C03E-C1D2-4BF8-9F1E-F5C477014B5B}"
EndProject
Global
	GlobalSection(SolutionConfigurationPlatforms) = preSolution
		Debug|Any CPU = Debug|Any CPU
		Release|Any CPU = Release|Any CPU
	EndGlobalSection
	GlobalSection(ProjectConfigurationPlatforms) = postSolution
		{6098C03E-C1D2-4BF8-9F1E-F5C477014B5B}.Debug|Any CPU.ActiveCfg = Debug|Any CPU
		{6098C03E-C1D2-4BF8-9F1E-F5C477014B5B}.Debug|Any CPU.Build.0 = Debug|Any CPU
		{6098C03E-C1D2-4BF8-9F1E-F5C477014B5B}.Release|Any CPU.ActiveCfg = Release|Any CPU
		{6098C03E-C1D2-4BF8-9F1E-F5C477014B5B}.Release|Any CPU.Build.0 = Release|Any CPU
	EndGlobalSection
	GlobalSection(SolutionProperties) = preSolution
		HideSolutionNode = FALSE
	EndGlobalSection
	GlobalSection(ExtensibilityGlobals) = postSolution
		SolutionGuid = {C4089669-E9BF-4E96-BF62-50A7F62EC8EF}
	EndGlobalSection
EndGlobal
