
Microsoft Visual Studio Solution File, Format Version 12.00
# Visual Studio Version 17
VisualStudioVersion = 17.5.33530.505
MinimumVisualStudioVersion = 10.0.40219.1
Project("{FAE04EC0-301F-11D3-BF4B-00C04F79EFBC}") = "Ch9Banking", "Ch9Banking\Ch9Banking.csproj", "{64A9DE16-698B-416F-9CBE-E0DFCF321508}"
EndProject
Global
	GlobalSection(SolutionConfigurationPlatforms) = preSolution
		Debug|Any CPU = Debug|Any CPU
		Release|Any CPU = Release|Any CPU
	EndGlobalSection
	GlobalSection(ProjectConfigurationPlatforms) = postSolution
		{64A9DE16-698B-416F-9CBE-E0DFCF321508}.Debug|Any CPU.ActiveCfg = Debug|Any CPU
		{64A9DE16-698B-416F-9CBE-E0DFCF321508}.Debug|Any CPU.Build.0 = Debug|Any CPU
		{64A9DE16-698B-416F-9CBE-E0DFCF321508}.Release|Any CPU.ActiveCfg = Release|Any CPU
		{64A9DE16-698B-416F-9CBE-E0DFCF321508}.Release|Any CPU.Build.0 = Release|Any CPU
	EndGlobalSection
	GlobalSection(SolutionProperties) = preSolution
		HideSolutionNode = FALSE
	EndGlobalSection
	GlobalSection(ExtensibilityGlobals) = postSolution
		SolutionGuid = {BC50FC61-6588-4DD3-A2E3-AC84064D1973}
	EndGlobalSection
EndGlobal
