
Microsoft Visual Studio Solution File, Format Version 12.00
# Visual Studio Version 17
VisualStudioVersion = 17.5.33627.172
MinimumVisualStudioVersion = 10.0.40219.1
Project("{FAE04EC0-301F-11D3-BF4B-00C04F79EFBC}") = "Ch13PayrollAbstract", "Ch13PayrollAbstract\Ch13PayrollAbstract.csproj", "{80E9887E-FE49-4140-814B-67D44ECD837C}"
EndProject
Global
	GlobalSection(SolutionConfigurationPlatforms) = preSolution
		Debug|Any CPU = Debug|Any CPU
		Release|Any CPU = Release|Any CPU
	EndGlobalSection
	GlobalSection(ProjectConfigurationPlatforms) = postSolution
		{80E9887E-FE49-4140-814B-67D44ECD837C}.Debug|Any CPU.ActiveCfg = Debug|Any CPU
		{80E9887E-FE49-4140-814B-67D44ECD837C}.Debug|Any CPU.Build.0 = Debug|Any CPU
		{80E9887E-FE49-4140-814B-67D44ECD837C}.Release|Any CPU.ActiveCfg = Release|Any CPU
		{80E9887E-FE49-4140-814B-67D44ECD837C}.Release|Any CPU.Build.0 = Release|Any CPU
	EndGlobalSection
	GlobalSection(SolutionProperties) = preSolution
		HideSolutionNode = FALSE
	EndGlobalSection
	GlobalSection(ExtensibilityGlobals) = postSolution
		SolutionGuid = {F33ED363-C41C-42AC-8F0D-CB72B57F6478}
	EndGlobalSection
EndGlobal
