
Microsoft Visual Studio Solution File, Format Version 12.00
# Visual Studio Version 17
VisualStudioVersion = 17.5.33530.505
MinimumVisualStudioVersion = 10.0.40219.1
Project("{FAE04EC0-301F-11D3-BF4B-00C04F79EFBC}") = "Ch10MonthlySales", "Ch10MonthlySales\Ch10MonthlySales.csproj", "{CBFFB9E6-67D9-42DB-8D55-D9D1F0DA898F}"
EndProject
Global
	GlobalSection(SolutionConfigurationPlatforms) = preSolution
		Debug|Any CPU = Debug|Any CPU
		Release|Any CPU = Release|Any CPU
	EndGlobalSection
	GlobalSection(ProjectConfigurationPlatforms) = postSolution
		{CBFFB9E6-67D9-42DB-8D55-D9D1F0DA898F}.Debug|Any CPU.ActiveCfg = Debug|Any CPU
		{CBFFB9E6-67D9-42DB-8D55-D9D1F0DA898F}.Debug|Any CPU.Build.0 = Debug|Any CPU
		{CBFFB9E6-67D9-42DB-8D55-D9D1F0DA898F}.Release|Any CPU.ActiveCfg = Release|Any CPU
		{CBFFB9E6-67D9-42DB-8D55-D9D1F0DA898F}.Release|Any CPU.Build.0 = Release|Any CPU
	EndGlobalSection
	GlobalSection(SolutionProperties) = preSolution
		HideSolutionNode = FALSE
	EndGlobalSection
	GlobalSection(ExtensibilityGlobals) = postSolution
		SolutionGuid = {54B7EC35-451D-48F4-A0AD-E08E354DE37A}
	EndGlobalSection
EndGlobal
