
Microsoft Visual Studio Solution File, Format Version 12.00
# Visual Studio 15
VisualStudioVersion = 15.0.33423.255
MinimumVisualStudioVersion = 10.0.40219.1
Project("{FAE04EC0-301F-11D3-BF4B-00C04F79EFBC}") = "Ch3OverloadedMPGMethod", "Ch3OverloadedMPGMethod\Ch3OverloadedMPGMethod.csproj", "{27E9CB15-3CA5-493F-BB33-703120252975}"
EndProject
Global
	GlobalSection(SolutionConfigurationPlatforms) = preSolution
		Debug|Any CPU = Debug|Any CPU
		Release|Any CPU = Release|Any CPU
	EndGlobalSection
	GlobalSection(ProjectConfigurationPlatforms) = postSolution
		{27E9CB15-3CA5-493F-BB33-703120252975}.Debug|Any CPU.ActiveCfg = Debug|Any CPU
		{27E9CB15-3CA5-493F-BB33-703120252975}.Debug|Any CPU.Build.0 = Debug|Any CPU
		{27E9CB15-3CA5-493F-BB33-703120252975}.Release|Any CPU.ActiveCfg = Release|Any CPU
		{27E9CB15-3CA5-493F-BB33-703120252975}.Release|Any CPU.Build.0 = Release|Any CPU
	EndGlobalSection
	GlobalSection(SolutionProperties) = preSolution
		HideSolutionNode = FALSE
	EndGlobalSection
	GlobalSection(ExtensibilityGlobals) = postSolution
		SolutionGuid = {FAF41269-D1C1-479E-B380-427121F61416}
	EndGlobalSection
EndGlobal
