
Microsoft Visual Studio Solution File, Format Version 12.00
# Visual Studio 15
VisualStudioVersion = 15.0.33423.255
MinimumVisualStudioVersion = 10.0.40219.1
Project("{FAE04EC0-301F-11D3-BF4B-00C04F79EFBC}") = "Ch4DaysinaMonth", "Ch4DaysinaMonth\Ch4DaysinaMonth.csproj", "{89491E00-EA75-4E5D-8C67-80F47D6B1836}"
EndProject
Global
	GlobalSection(SolutionConfigurationPlatforms) = preSolution
		Debug|Any CPU = Debug|Any CPU
		Release|Any CPU = Release|Any CPU
	EndGlobalSection
	GlobalSection(ProjectConfigurationPlatforms) = postSolution
		{89491E00-EA75-4E5D-8C67-80F47D6B1836}.Debug|Any CPU.ActiveCfg = Debug|Any CPU
		{89491E00-EA75-4E5D-8C67-80F47D6B1836}.Debug|Any CPU.Build.0 = Debug|Any CPU
		{89491E00-EA75-4E5D-8C67-80F47D6B1836}.Release|Any CPU.ActiveCfg = Release|Any CPU
		{89491E00-EA75-4E5D-8C67-80F47D6B1836}.Release|Any CPU.Build.0 = Release|Any CPU
	EndGlobalSection
	GlobalSection(SolutionProperties) = preSolution
		HideSolutionNode = FALSE
	EndGlobalSection
	GlobalSection(ExtensibilityGlobals) = postSolution
		SolutionGuid = {A2393309-0D2E-40F3-BA01-6EF1F0FE7496}
	EndGlobalSection
EndGlobal
